
Microsoft Visual Studio Solution File, Format Version 12.00
# Visual Studio 15
VisualStudioVersion = 15.0.28307.489
MinimumVisualStudioVersion = 10.0.40219.1
Project("{FAE04EC0-301F-11D3-BF4B-00C04F79EFBC}") = "Proyecto2.WebApi", "Proyecto2.WebApi\Proyecto2.WebApi.csproj", "{0769EE48-5522-4604-96BC-DAB8E9FA2BA5}"
EndProject
Project("{FAE04EC0-301F-11D3-BF4B-00C04F79EFBC}") = "Proyecto2.ClienteWeb", "Proyecto2.ClienteWeb\Proyecto2.ClienteWeb.csproj", "{83A3894D-2212-4028-88C1-EA87E094850D}"
EndProject
Global
	GlobalSection(SolutionConfigurationPlatforms) = preSolution
		Debug|Any CPU = Debug|Any CPU
		Release|Any CPU = Release|Any CPU
	EndGlobalSection
	GlobalSection(ProjectConfigurationPlatforms) = postSolution
		{0769EE48-5522-4604-96BC-DAB8E9FA2BA5}.Debug|Any CPU.ActiveCfg = Debug|Any CPU
		{0769EE48-5522-4604-96BC-DAB8E9FA2BA5}.Debug|Any CPU.Build.0 = Debug|Any CPU
		{0769EE48-5522-4604-96BC-DAB8E9FA2BA5}.Release|Any CPU.ActiveCfg = Release|Any CPU
		{0769EE48-5522-4604-96BC-DAB8E9FA2BA5}.Release|Any CPU.Build.0 = Release|Any CPU
		{83A3894D-2212-4028-88C1-EA87E094850D}.Debug|Any CPU.ActiveCfg = Debug|Any CPU
		{83A3894D-2212-4028-88C1-EA87E094850D}.Debug|Any CPU.Build.0 = Debug|Any CPU
		{83A3894D-2212-4028-88C1-EA87E094850D}.Release|Any CPU.ActiveCfg = Release|Any CPU
		{83A3894D-2212-4028-88C1-EA87E094850D}.Release|Any CPU.Build.0 = Release|Any CPU
	EndGlobalSection
	GlobalSection(SolutionProperties) = preSolution
		HideSolutionNode = FALSE
	EndGlobalSection
	GlobalSection(ExtensibilityGlobals) = postSolution
		SolutionGuid = {014ABD8D-FC5F-4EFA-8467-CC3DE687C1F8}
	EndGlobalSection
EndGlobal
